// !$*UTF8*$!
{
	archiveVersion = 1;
	classes = {
	};
	objectVersion = 51;
	objects = {

/* Begin PBXBuildFile section */
		93C922E1DAE49626A45ED317 /* Pods_SocialTL.framework in Frameworks */ = {isa = PBXBuildFile; fileRef = 8015F1D9F7CA3592E7728777 /* Pods_SocialTL.framework */; };
		A25C86A022EBB57D004E4FDA /* PostTableViewCell.swift in Sources */ = {isa = PBXBuildFile; fileRef = A25C869E22EBB57D004E4FDA /* PostTableViewCell.swift */; };
		A25C86A122EBB57D004E4FDA /* PostTableViewCell.xib in Resources */ = {isa = PBXBuildFile; fileRef = A25C869F22EBB57D004E4FDA /* PostTableViewCell.xib */; };
		A25E8EE822E79F8C0042ACE6 /* AppDelegate.swift in Sources */ = {isa = PBXBuildFile; fileRef = A25E8EE722E79F8C0042ACE6 /* AppDelegate.swift */; };
		A25E8EED22E79F8C0042ACE6 /* Main.storyboard in Resources */ = {isa = PBXBuildFile; fileRef = A25E8EEB22E79F8C0042ACE6 /* Main.storyboard */; };
		A25E8EF222E79F8E0042ACE6 /* LaunchScreen.storyboard in Resources */ = {isa = PBXBuildFile; fileRef = A25E8EF022E79F8E0042ACE6 /* LaunchScreen.storyboard */; };
		A25E8EFD22E79F8E0042ACE6 /* SocialTLTests.swift in Sources */ = {isa = PBXBuildFile; fileRef = A25E8EFC22E79F8E0042ACE6 /* SocialTLTests.swift */; };
		A27CB28F22E89DE60009DF38 /* FormTags.swift in Sources */ = {isa = PBXBuildFile; fileRef = A27CB28D22E89DE60009DF38 /* FormTags.swift */; };
		A27CB29022E89DE60009DF38 /* FormViewController.swift in Sources */ = {isa = PBXBuildFile; fileRef = A27CB28E22E89DE60009DF38 /* FormViewController.swift */; };
		A27CB29222E8A5A20009DF38 /* SignupPresenter.swift in Sources */ = {isa = PBXBuildFile; fileRef = A27CB29122E8A5A20009DF38 /* SignupPresenter.swift */; };
		A27CB29422E8A5BB0009DF38 /* SignupViewController.swift in Sources */ = {isa = PBXBuildFile; fileRef = A27CB29322E8A5BB0009DF38 /* SignupViewController.swift */; };
		A27CB29922E8ADE60009DF38 /* Alerts.swift in Sources */ = {isa = PBXBuildFile; fileRef = A27CB29722E8ADE60009DF38 /* Alerts.swift */; };
		A27CB29A22E8ADE60009DF38 /* AlertHeaderModel.swift in Sources */ = {isa = PBXBuildFile; fileRef = A27CB29822E8ADE60009DF38 /* AlertHeaderModel.swift */; };
		A27CB29D22E8B2400009DF38 /* API.swift in Sources */ = {isa = PBXBuildFile; fileRef = A27CB29C22E8B2400009DF38 /* API.swift */; };
		A27CB29F22E8B6AE0009DF38 /* User.swift in Sources */ = {isa = PBXBuildFile; fileRef = A27CB29E22E8B6AE0009DF38 /* User.swift */; };
		A27CB2A122E8CCB90009DF38 /* Timeline.storyboard in Resources */ = {isa = PBXBuildFile; fileRef = A27CB2A022E8CCB90009DF38 /* Timeline.storyboard */; };
		A27CB2A322E8CCCA0009DF38 /* Profile.storyboard in Resources */ = {isa = PBXBuildFile; fileRef = A27CB2A222E8CCCA0009DF38 /* Profile.storyboard */; };
		A27CB2A522E8CD6B0009DF38 /* TimelinePresenter.swift in Sources */ = {isa = PBXBuildFile; fileRef = A27CB2A422E8CD6B0009DF38 /* TimelinePresenter.swift */; };
		A27CB2A722E8CDA20009DF38 /* ProfilePresenter.swift in Sources */ = {isa = PBXBuildFile; fileRef = A27CB2A622E8CDA20009DF38 /* ProfilePresenter.swift */; };
		A27CB2A922E8DC390009DF38 /* Assets.xcassets in Resources */ = {isa = PBXBuildFile; fileRef = A27CB2A822E8DC390009DF38 /* Assets.xcassets */; };
		A2C6447B22E9E792005601F0 /* LoadingViewController.swift in Sources */ = {isa = PBXBuildFile; fileRef = A2C6447A22E9E792005601F0 /* LoadingViewController.swift */; };
		A2C6447D22E9E7E4005601F0 /* LoadingPresenter.swift in Sources */ = {isa = PBXBuildFile; fileRef = A2C6447C22E9E7E4005601F0 /* LoadingPresenter.swift */; };
		A2C6447F22E9F295005601F0 /* LoginCoordinator.swift in Sources */ = {isa = PBXBuildFile; fileRef = A2C6447E22E9F295005601F0 /* LoginCoordinator.swift */; };
		A2C6448122E9F3E2005601F0 /* HomeCoordinator.swift in Sources */ = {isa = PBXBuildFile; fileRef = A2C6448022E9F3E2005601F0 /* HomeCoordinator.swift */; };
		A2C6448322EA0497005601F0 /* AddPostViewController.swift in Sources */ = {isa = PBXBuildFile; fileRef = A2C6448222EA0497005601F0 /* AddPostViewController.swift */; };
		A2C6448522EA04E9005601F0 /* AddPostPresenter.swift in Sources */ = {isa = PBXBuildFile; fileRef = A2C6448422EA04E9005601F0 /* AddPostPresenter.swift */; };
		A2C6448722EA081E005601F0 /* DatabaseManager.swift in Sources */ = {isa = PBXBuildFile; fileRef = A2C6448622EA081E005601F0 /* DatabaseManager.swift */; };
		A2F5A8A522E7A31400D1576D /* GoogleService-Info.plist in Resources */ = {isa = PBXBuildFile; fileRef = A2F5A8A422E7A31400D1576D /* GoogleService-Info.plist */; };
		A2F5A8A722E7A34400D1576D /* Coordinator.swift in Sources */ = {isa = PBXBuildFile; fileRef = A2F5A8A622E7A34400D1576D /* Coordinator.swift */; };
		A2F5A8AA22E7A3AD00D1576D /* MainCoordinator.swift in Sources */ = {isa = PBXBuildFile; fileRef = A2F5A8A922E7A3AD00D1576D /* MainCoordinator.swift */; };
		A2F5A8AC22E7A3C300D1576D /* TimelineCoordinator.swift in Sources */ = {isa = PBXBuildFile; fileRef = A2F5A8AB22E7A3C300D1576D /* TimelineCoordinator.swift */; };
		A2F5A8AE22E7A3D200D1576D /* ProfileCoordinator.swift in Sources */ = {isa = PBXBuildFile; fileRef = A2F5A8AD22E7A3D200D1576D /* ProfileCoordinator.swift */; };
		A2F5A8B022E7AA0600D1576D /* LoginProtocols.swift in Sources */ = {isa = PBXBuildFile; fileRef = A2F5A8AF22E7AA0600D1576D /* LoginProtocols.swift */; };
		A2F5A8B222E7AB5000D1576D /* LoginViewController.swift in Sources */ = {isa = PBXBuildFile; fileRef = A2F5A8B122E7AB5000D1576D /* LoginViewController.swift */; };
		A2F5A8B522E7AB8700D1576D /* StoryboardExtension.swift in Sources */ = {isa = PBXBuildFile; fileRef = A2F5A8B422E7AB8700D1576D /* StoryboardExtension.swift */; };
		A2F5A8B722E7AC6600D1576D /* LoginPresenter.swift in Sources */ = {isa = PBXBuildFile; fileRef = A2F5A8B622E7AC6600D1576D /* LoginPresenter.swift */; };
		A2F5A8B922E7AF2300D1576D /* HomeTabBarController.swift in Sources */ = {isa = PBXBuildFile; fileRef = A2F5A8B822E7AF2300D1576D /* HomeTabBarController.swift */; };
		A2F5A8BB22E7B01000D1576D /* TimelineViewController.swift in Sources */ = {isa = PBXBuildFile; fileRef = A2F5A8BA22E7B01000D1576D /* TimelineViewController.swift */; };
		A2F5A8BD22E7B02000D1576D /* ProfileViewController.swift in Sources */ = {isa = PBXBuildFile; fileRef = A2F5A8BC22E7B02000D1576D /* ProfileViewController.swift */; };
		A2F5A8BF22E7B03600D1576D /* ProfileProtocols.swift in Sources */ = {isa = PBXBuildFile; fileRef = A2F5A8BE22E7B03600D1576D /* ProfileProtocols.swift */; };
		A2F5A8C122E7B04300D1576D /* TimelineProtocols.swift in Sources */ = {isa = PBXBuildFile; fileRef = A2F5A8C022E7B04300D1576D /* TimelineProtocols.swift */; };
		A2F5A8C622E7BC1400D1576D /* HomeProtocols.swift in Sources */ = {isa = PBXBuildFile; fileRef = A2F5A8C522E7BC1400D1576D /* HomeProtocols.swift */; };
		A2F5A8CA22E7BD6800D1576D /* HomeTabBarPresenter.swift in Sources */ = {isa = PBXBuildFile; fileRef = A2F5A8C922E7BD6800D1576D /* HomeTabBarPresenter.swift */; };
/* End PBXBuildFile section */

/* Begin PBXContainerItemProxy section */
		A25E8EF922E79F8E0042ACE6 /* PBXContainerItemProxy */ = {
			isa = PBXContainerItemProxy;
			containerPortal = A25E8EDC22E79F8C0042ACE6 /* Project object */;
			proxyType = 1;
			remoteGlobalIDString = A25E8EE322E79F8C0042ACE6;
			remoteInfo = SocialTL;
		};
/* End PBXContainerItemProxy section */

/* Begin PBXFileReference section */
		071B2F8BD9B8F34F210A2980 /* Pods-SocialTL.release.xcconfig */ = {isa = PBXFileReference; includeInIndex = 1; lastKnownFileType = text.xcconfig; name = "Pods-SocialTL.release.xcconfig"; path = "Target Support Files/Pods-SocialTL/Pods-SocialTL.release.xcconfig"; sourceTree = "<group>"; };
		6CEA9FA2EF8A0E17865DCED1 /* Pods-SocialTL.debug.xcconfig */ = {isa = PBXFileReference; includeInIndex = 1; lastKnownFileType = text.xcconfig; name = "Pods-SocialTL.debug.xcconfig"; path = "Target Support Files/Pods-SocialTL/Pods-SocialTL.debug.xcconfig"; sourceTree = "<group>"; };
		8015F1D9F7CA3592E7728777 /* Pods_SocialTL.framework */ = {isa = PBXFileReference; explicitFileType = wrapper.framework; includeInIndex = 0; path = Pods_SocialTL.framework; sourceTree = BUILT_PRODUCTS_DIR; };
		A25C869E22EBB57D004E4FDA /* PostTableViewCell.swift */ = {isa = PBXFileReference; lastKnownFileType = sourcecode.swift; path = PostTableViewCell.swift; sourceTree = "<group>"; };
		A25C869F22EBB57D004E4FDA /* PostTableViewCell.xib */ = {isa = PBXFileReference; lastKnownFileType = file.xib; path = PostTableViewCell.xib; sourceTree = "<group>"; };
		A25E8EE422E79F8C0042ACE6 /* SocialTL.app */ = {isa = PBXFileReference; explicitFileType = wrapper.application; includeInIndex = 0; path = SocialTL.app; sourceTree = BUILT_PRODUCTS_DIR; };
		A25E8EE722E79F8C0042ACE6 /* AppDelegate.swift */ = {isa = PBXFileReference; lastKnownFileType = sourcecode.swift; path = AppDelegate.swift; sourceTree = "<group>"; };
		A25E8EEC22E79F8C0042ACE6 /* Base */ = {isa = PBXFileReference; lastKnownFileType = file.storyboard; name = Base; path = Base.lproj/Main.storyboard; sourceTree = "<group>"; };
		A25E8EF122E79F8E0042ACE6 /* Base */ = {isa = PBXFileReference; lastKnownFileType = file.storyboard; name = Base; path = Base.lproj/LaunchScreen.storyboard; sourceTree = "<group>"; };
		A25E8EF322E79F8E0042ACE6 /* Info.plist */ = {isa = PBXFileReference; lastKnownFileType = text.plist.xml; path = Info.plist; sourceTree = "<group>"; };
		A25E8EF822E79F8E0042ACE6 /* SocialTLTests.xctest */ = {isa = PBXFileReference; explicitFileType = wrapper.cfbundle; includeInIndex = 0; path = SocialTLTests.xctest; sourceTree = BUILT_PRODUCTS_DIR; };
		A25E8EFC22E79F8E0042ACE6 /* SocialTLTests.swift */ = {isa = PBXFileReference; lastKnownFileType = sourcecode.swift; path = SocialTLTests.swift; sourceTree = "<group>"; };
		A25E8EFE22E79F8E0042ACE6 /* Info.plist */ = {isa = PBXFileReference; lastKnownFileType = text.plist.xml; path = Info.plist; sourceTree = "<group>"; };
		A27CB28D22E89DE60009DF38 /* FormTags.swift */ = {isa = PBXFileReference; fileEncoding = 4; lastKnownFileType = sourcecode.swift; path = FormTags.swift; sourceTree = "<group>"; };
		A27CB28E22E89DE60009DF38 /* FormViewController.swift */ = {isa = PBXFileReference; fileEncoding = 4; lastKnownFileType = sourcecode.swift; path = FormViewController.swift; sourceTree = "<group>"; };
		A27CB29122E8A5A20009DF38 /* SignupPresenter.swift */ = {isa = PBXFileReference; lastKnownFileType = sourcecode.swift; path = SignupPresenter.swift; sourceTree = "<group>"; };
		A27CB29322E8A5BB0009DF38 /* SignupViewController.swift */ = {isa = PBXFileReference; lastKnownFileType = sourcecode.swift; path = SignupViewController.swift; sourceTree = "<group>"; };
		A27CB29722E8ADE60009DF38 /* Alerts.swift */ = {isa = PBXFileReference; fileEncoding = 4; lastKnownFileType = sourcecode.swift; path = Alerts.swift; sourceTree = "<group>"; };
		A27CB29822E8ADE60009DF38 /* AlertHeaderModel.swift */ = {isa = PBXFileReference; fileEncoding = 4; lastKnownFileType = sourcecode.swift; path = AlertHeaderModel.swift; sourceTree = "<group>"; };
		A27CB29C22E8B2400009DF38 /* API.swift */ = {isa = PBXFileReference; lastKnownFileType = sourcecode.swift; path = API.swift; sourceTree = "<group>"; };
		A27CB29E22E8B6AE0009DF38 /* User.swift */ = {isa = PBXFileReference; lastKnownFileType = sourcecode.swift; path = User.swift; sourceTree = "<group>"; };
		A27CB2A022E8CCB90009DF38 /* Timeline.storyboard */ = {isa = PBXFileReference; lastKnownFileType = file.storyboard; path = Timeline.storyboard; sourceTree = "<group>"; };
		A27CB2A222E8CCCA0009DF38 /* Profile.storyboard */ = {isa = PBXFileReference; lastKnownFileType = file.storyboard; path = Profile.storyboard; sourceTree = "<group>"; };
		A27CB2A422E8CD6B0009DF38 /* TimelinePresenter.swift */ = {isa = PBXFileReference; lastKnownFileType = sourcecode.swift; path = TimelinePresenter.swift; sourceTree = "<group>"; };
		A27CB2A622E8CDA20009DF38 /* ProfilePresenter.swift */ = {isa = PBXFileReference; lastKnownFileType = sourcecode.swift; path = ProfilePresenter.swift; sourceTree = "<group>"; };
		A27CB2A822E8DC390009DF38 /* Assets.xcassets */ = {isa = PBXFileReference; lastKnownFileType = folder.assetcatalog; name = Assets.xcassets; path = SocialTL/Assets.xcassets; sourceTree = SOURCE_ROOT; };
		A2C6447A22E9E792005601F0 /* LoadingViewController.swift */ = {isa = PBXFileReference; lastKnownFileType = sourcecode.swift; path = LoadingViewController.swift; sourceTree = "<group>"; };
		A2C6447C22E9E7E4005601F0 /* LoadingPresenter.swift */ = {isa = PBXFileReference; lastKnownFileType = sourcecode.swift; path = LoadingPresenter.swift; sourceTree = "<group>"; };
		A2C6447E22E9F295005601F0 /* LoginCoordinator.swift */ = {isa = PBXFileReference; lastKnownFileType = sourcecode.swift; path = LoginCoordinator.swift; sourceTree = "<group>"; };
		A2C6448022E9F3E2005601F0 /* HomeCoordinator.swift */ = {isa = PBXFileReference; lastKnownFileType = sourcecode.swift; path = HomeCoordinator.swift; sourceTree = "<group>"; };
		A2C6448222EA0497005601F0 /* AddPostViewController.swift */ = {isa = PBXFileReference; lastKnownFileType = sourcecode.swift; path = AddPostViewController.swift; sourceTree = "<group>"; };
		A2C6448422EA04E9005601F0 /* AddPostPresenter.swift */ = {isa = PBXFileReference; lastKnownFileType = sourcecode.swift; path = AddPostPresenter.swift; sourceTree = "<group>"; };
		A2C6448622EA081E005601F0 /* DatabaseManager.swift */ = {isa = PBXFileReference; lastKnownFileType = sourcecode.swift; path = DatabaseManager.swift; sourceTree = "<group>"; };
		A2F5A8A422E7A31400D1576D /* GoogleService-Info.plist */ = {isa = PBXFileReference; fileEncoding = 4; lastKnownFileType = text.plist.xml; path = "GoogleService-Info.plist"; sourceTree = "<group>"; };
		A2F5A8A622E7A34400D1576D /* Coordinator.swift */ = {isa = PBXFileReference; fileEncoding = 4; lastKnownFileType = sourcecode.swift; path = Coordinator.swift; sourceTree = "<group>"; };
		A2F5A8A922E7A3AD00D1576D /* MainCoordinator.swift */ = {isa = PBXFileReference; lastKnownFileType = sourcecode.swift; path = MainCoordinator.swift; sourceTree = "<group>"; };
		A2F5A8AB22E7A3C300D1576D /* TimelineCoordinator.swift */ = {isa = PBXFileReference; lastKnownFileType = sourcecode.swift; path = TimelineCoordinator.swift; sourceTree = "<group>"; };
		A2F5A8AD22E7A3D200D1576D /* ProfileCoordinator.swift */ = {isa = PBXFileReference; lastKnownFileType = sourcecode.swift; path = ProfileCoordinator.swift; sourceTree = "<group>"; };
		A2F5A8AF22E7AA0600D1576D /* LoginProtocols.swift */ = {isa = PBXFileReference; lastKnownFileType = sourcecode.swift; path = LoginProtocols.swift; sourceTree = "<group>"; };
		A2F5A8B122E7AB5000D1576D /* LoginViewController.swift */ = {isa = PBXFileReference; lastKnownFileType = sourcecode.swift; path = LoginViewController.swift; sourceTree = "<group>"; };
		A2F5A8B422E7AB8700D1576D /* StoryboardExtension.swift */ = {isa = PBXFileReference; lastKnownFileType = sourcecode.swift; path = StoryboardExtension.swift; sourceTree = "<group>"; };
		A2F5A8B622E7AC6600D1576D /* LoginPresenter.swift */ = {isa = PBXFileReference; lastKnownFileType = sourcecode.swift; path = LoginPresenter.swift; sourceTree = "<group>"; };
		A2F5A8B822E7AF2300D1576D /* HomeTabBarController.swift */ = {isa = PBXFileReference; lastKnownFileType = sourcecode.swift; path = HomeTabBarController.swift; sourceTree = "<group>"; };
		A2F5A8BA22E7B01000D1576D /* TimelineViewController.swift */ = {isa = PBXFileReference; lastKnownFileType = sourcecode.swift; path = TimelineViewController.swift; sourceTree = "<group>"; };
		A2F5A8BC22E7B02000D1576D /* ProfileViewController.swift */ = {isa = PBXFileReference; lastKnownFileType = sourcecode.swift; path = ProfileViewController.swift; sourceTree = "<group>"; };
		A2F5A8BE22E7B03600D1576D /* ProfileProtocols.swift */ = {isa = PBXFileReference; lastKnownFileType = sourcecode.swift; path = ProfileProtocols.swift; sourceTree = "<group>"; };
		A2F5A8C022E7B04300D1576D /* TimelineProtocols.swift */ = {isa = PBXFileReference; lastKnownFileType = sourcecode.swift; path = TimelineProtocols.swift; sourceTree = "<group>"; };
		A2F5A8C522E7BC1400D1576D /* HomeProtocols.swift */ = {isa = PBXFileReference; lastKnownFileType = sourcecode.swift; path = HomeProtocols.swift; sourceTree = "<group>"; };
		A2F5A8C922E7BD6800D1576D /* HomeTabBarPresenter.swift */ = {isa = PBXFileReference; lastKnownFileType = sourcecode.swift; path = HomeTabBarPresenter.swift; sourceTree = "<group>"; };
/* End PBXFileReference section */

/* Begin PBXFrameworksBuildPhase section */
		A25E8EE122E79F8C0042ACE6 /* Frameworks */ = {
			isa = PBXFrameworksBuildPhase;
			buildActionMask = 2147483647;
			files = (
				93C922E1DAE49626A45ED317 /* Pods_SocialTL.framework in Frameworks */,
			);
			runOnlyForDeploymentPostprocessing = 0;
		};
		A25E8EF522E79F8E0042ACE6 /* Frameworks */ = {
			isa = PBXFrameworksBuildPhase;
			buildActionMask = 2147483647;
			files = (
			);
			runOnlyForDeploymentPostprocessing = 0;
		};
/* End PBXFrameworksBuildPhase section */

/* Begin PBXGroup section */
		6026D9D76B5E913A6BC72221 /* Pods */ = {
			isa = PBXGroup;
			children = (
				6CEA9FA2EF8A0E17865DCED1 /* Pods-SocialTL.debug.xcconfig */,
				071B2F8BD9B8F34F210A2980 /* Pods-SocialTL.release.xcconfig */,
			);
			path = Pods;
			sourceTree = "<group>";
		};
		A25C869D22EBB556004E4FDA /* Cells */ = {
			isa = PBXGroup;
			children = (
				A25C869E22EBB57D004E4FDA /* PostTableViewCell.swift */,
				A25C869F22EBB57D004E4FDA /* PostTableViewCell.xib */,
			);
			path = Cells;
			sourceTree = "<group>";
		};
		A25E8EDB22E79F8C0042ACE6 = {
			isa = PBXGroup;
			children = (
				A25E8EE622E79F8C0042ACE6 /* SocialTL */,
				A25E8EFB22E79F8E0042ACE6 /* SocialTLTests */,
				A25E8EE522E79F8C0042ACE6 /* Products */,
				6026D9D76B5E913A6BC72221 /* Pods */,
				F2BE723E363C5C32393D3759 /* Frameworks */,
			);
			sourceTree = "<group>";
		};
		A25E8EE522E79F8C0042ACE6 /* Products */ = {
			isa = PBXGroup;
			children = (
				A25E8EE422E79F8C0042ACE6 /* SocialTL.app */,
				A25E8EF822E79F8E0042ACE6 /* SocialTLTests.xctest */,
			);
			name = Products;
			sourceTree = "<group>";
		};
		A25E8EE622E79F8C0042ACE6 /* SocialTL */ = {
			isa = PBXGroup;
			children = (
				A2F5A89A22E7A0EB00D1576D /* Models */,
				A2F5A89922E7A0DC00D1576D /* Modules */,
				A2F5A89822E7A0C900D1576D /* Coordinators */,
				A27CB28B22E89D880009DF38 /* Common */,
				A2F5A8B322E7AB7000D1576D /* Extensions */,
				A27CB29B22E8B1BC0009DF38 /* Services */,
				A27CB2A822E8DC390009DF38 /* Assets.xcassets */,
				A25E8EE722E79F8C0042ACE6 /* AppDelegate.swift */,
				A25E8EF022E79F8E0042ACE6 /* LaunchScreen.storyboard */,
				A2F5A8A422E7A31400D1576D /* GoogleService-Info.plist */,
				A25E8EF322E79F8E0042ACE6 /* Info.plist */,
			);
			path = SocialTL;
			sourceTree = "<group>";
		};
		A25E8EFB22E79F8E0042ACE6 /* SocialTLTests */ = {
			isa = PBXGroup;
			children = (
				A25E8EFC22E79F8E0042ACE6 /* SocialTLTests.swift */,
				A25E8EFE22E79F8E0042ACE6 /* Info.plist */,
			);
			path = SocialTLTests;
			sourceTree = "<group>";
		};
		A27CB28B22E89D880009DF38 /* Common */ = {
			isa = PBXGroup;
			children = (
				A27CB29522E8ACF10009DF38 /* Views */,
			);
			path = Common;
			sourceTree = "<group>";
		};
		A27CB28C22E89D990009DF38 /* Forms */ = {
			isa = PBXGroup;
			children = (
				A27CB28D22E89DE60009DF38 /* FormTags.swift */,
				A27CB28E22E89DE60009DF38 /* FormViewController.swift */,
			);
			path = Forms;
			sourceTree = "<group>";
		};
		A27CB29522E8ACF10009DF38 /* Views */ = {
			isa = PBXGroup;
			children = (
				A27CB29622E8AD490009DF38 /* Alerts */,
				A27CB28C22E89D990009DF38 /* Forms */,
			);
			path = Views;
			sourceTree = "<group>";
		};
		A27CB29622E8AD490009DF38 /* Alerts */ = {
			isa = PBXGroup;
			children = (
				A27CB29822E8ADE60009DF38 /* AlertHeaderModel.swift */,
				A27CB29722E8ADE60009DF38 /* Alerts.swift */,
			);
			path = Alerts;
			sourceTree = "<group>";
		};
		A27CB29B22E8B1BC0009DF38 /* Services */ = {
			isa = PBXGroup;
			children = (
				A27CB29C22E8B2400009DF38 /* API.swift */,
				A2C6448622EA081E005601F0 /* DatabaseManager.swift */,
			);
			path = Services;
			sourceTree = "<group>";
		};
		A2F5A89822E7A0C900D1576D /* Coordinators */ = {
			isa = PBXGroup;
			children = (
				A2F5A8A622E7A34400D1576D /* Coordinator.swift */,
				A2F5A8A822E7A34C00D1576D /* Modules */,
			);
			path = Coordinators;
			sourceTree = "<group>";
		};
		A2F5A89922E7A0DC00D1576D /* Modules */ = {
			isa = PBXGroup;
			children = (
				A2F5A8C422E7BC0400D1576D /* Home */,
				A2F5A89D22E7A12900D1576D /* Profile */,
				A2F5A89C22E7A11E00D1576D /* Timeline */,
				A2F5A89B22E7A10B00D1576D /* Login */,
			);
			path = Modules;
			sourceTree = "<group>";
		};
		A2F5A89A22E7A0EB00D1576D /* Models */ = {
			isa = PBXGroup;
			children = (
				A27CB29E22E8B6AE0009DF38 /* User.swift */,
			);
			path = Models;
			sourceTree = "<group>";
		};
		A2F5A89B22E7A10B00D1576D /* Login */ = {
			isa = PBXGroup;
			children = (
				A2F5A8A322E7A26700D1576D /* Views */,
				A2F5A8A022E7A24700D1576D /* Presenters */,
				A2F5A8AF22E7AA0600D1576D /* LoginProtocols.swift */,
			);
			path = Login;
			sourceTree = "<group>";
		};
		A2F5A89C22E7A11E00D1576D /* Timeline */ = {
			isa = PBXGroup;
			children = (
				A2F5A8A222E7A25F00D1576D /* Views */,
				A2F5A89F22E7A23E00D1576D /* Presenters */,
				A2F5A8C022E7B04300D1576D /* TimelineProtocols.swift */,
			);
			path = Timeline;
			sourceTree = "<group>";
		};
		A2F5A89D22E7A12900D1576D /* Profile */ = {
			isa = PBXGroup;
			children = (
				A2F5A8A122E7A25800D1576D /* Views */,
				A2F5A89E22E7A23500D1576D /* Presenters */,
				A2F5A8BE22E7B03600D1576D /* ProfileProtocols.swift */,
			);
			path = Profile;
			sourceTree = "<group>";
		};
		A2F5A89E22E7A23500D1576D /* Presenters */ = {
			isa = PBXGroup;
			children = (
				A27CB2A622E8CDA20009DF38 /* ProfilePresenter.swift */,
			);
			path = Presenters;
			sourceTree = "<group>";
		};
		A2F5A89F22E7A23E00D1576D /* Presenters */ = {
			isa = PBXGroup;
			children = (
				A27CB2A422E8CD6B0009DF38 /* TimelinePresenter.swift */,
				A2C6448422EA04E9005601F0 /* AddPostPresenter.swift */,
			);
			path = Presenters;
			sourceTree = "<group>";
		};
		A2F5A8A022E7A24700D1576D /* Presenters */ = {
			isa = PBXGroup;
			children = (
				A2F5A8B622E7AC6600D1576D /* LoginPresenter.swift */,
				A27CB29122E8A5A20009DF38 /* SignupPresenter.swift */,
				A2C6447C22E9E7E4005601F0 /* LoadingPresenter.swift */,
			);
			path = Presenters;
			sourceTree = "<group>";
		};
		A2F5A8A122E7A25800D1576D /* Views */ = {
			isa = PBXGroup;
			children = (
				A27CB2A222E8CCCA0009DF38 /* Profile.storyboard */,
				A2F5A8BC22E7B02000D1576D /* ProfileViewController.swift */,
			);
			path = Views;
			sourceTree = "<group>";
		};
		A2F5A8A222E7A25F00D1576D /* Views */ = {
			isa = PBXGroup;
			children = (
				A25C869D22EBB556004E4FDA /* Cells */,
				A27CB2A022E8CCB90009DF38 /* Timeline.storyboard */,
				A2F5A8BA22E7B01000D1576D /* TimelineViewController.swift */,
				A2C6448222EA0497005601F0 /* AddPostViewController.swift */,
			);
			path = Views;
			sourceTree = "<group>";
		};
		A2F5A8A322E7A26700D1576D /* Views */ = {
			isa = PBXGroup;
			children = (
				A25E8EEB22E79F8C0042ACE6 /* Main.storyboard */,
				A2F5A8B122E7AB5000D1576D /* LoginViewController.swift */,
				A27CB29322E8A5BB0009DF38 /* SignupViewController.swift */,
				A2C6447A22E9E792005601F0 /* LoadingViewController.swift */,
			);
			path = Views;
			sourceTree = "<group>";
		};
		A2F5A8A822E7A34C00D1576D /* Modules */ = {
			isa = PBXGroup;
			children = (
				A2F5A8A922E7A3AD00D1576D /* MainCoordinator.swift */,
				A2C6447E22E9F295005601F0 /* LoginCoordinator.swift */,
				A2C6448022E9F3E2005601F0 /* HomeCoordinator.swift */,
				A2F5A8AB22E7A3C300D1576D /* TimelineCoordinator.swift */,
				A2F5A8AD22E7A3D200D1576D /* ProfileCoordinator.swift */,
			);
			path = Modules;
			sourceTree = "<group>";
		};
		A2F5A8B322E7AB7000D1576D /* Extensions */ = {
			isa = PBXGroup;
			children = (
				A2F5A8B422E7AB8700D1576D /* StoryboardExtension.swift */,
			);
			path = Extensions;
			sourceTree = "<group>";
		};
		A2F5A8C422E7BC0400D1576D /* Home */ = {
			isa = PBXGroup;
			children = (
				A2F5A8C822E7BD4600D1576D /* Presenters */,
				A2F5A8C722E7BD4000D1576D /* Views */,
				A2F5A8C522E7BC1400D1576D /* HomeProtocols.swift */,
			);
			path = Home;
			sourceTree = "<group>";
		};
		A2F5A8C722E7BD4000D1576D /* Views */ = {
			isa = PBXGroup;
			children = (
				A2F5A8B822E7AF2300D1576D /* HomeTabBarController.swift */,
			);
			path = Views;
			sourceTree = "<group>";
		};
		A2F5A8C822E7BD4600D1576D /* Presenters */ = {
			isa = PBXGroup;
			children = (
				A2F5A8C922E7BD6800D1576D /* HomeTabBarPresenter.swift */,
			);
			path = Presenters;
			sourceTree = "<group>";
		};
		F2BE723E363C5C32393D3759 /* Frameworks */ = {
			isa = PBXGroup;
			children = (
				8015F1D9F7CA3592E7728777 /* Pods_SocialTL.framework */,
			);
			name = Frameworks;
			sourceTree = "<group>";
		};
/* End PBXGroup section */

/* Begin PBXNativeTarget section */
		A25E8EE322E79F8C0042ACE6 /* SocialTL */ = {
			isa = PBXNativeTarget;
			buildConfigurationList = A25E8F0122E79F8E0042ACE6 /* Build configuration list for PBXNativeTarget "SocialTL" */;
			buildPhases = (
				5A1C07681B20931E0AAFC0EB /* [CP] Check Pods Manifest.lock */,
				A25E8EE022E79F8C0042ACE6 /* Sources */,
				A25E8EE122E79F8C0042ACE6 /* Frameworks */,
				A25E8EE222E79F8C0042ACE6 /* Resources */,
				E76BE0B32F8BE75583D9770C /* [CP] Embed Pods Frameworks */,
			);
			buildRules = (
			);
			dependencies = (
			);
			name = SocialTL;
			productName = SocialTL;
			productReference = A25E8EE422E79F8C0042ACE6 /* SocialTL.app */;
			productType = "com.apple.product-type.application";
		};
		A25E8EF722E79F8E0042ACE6 /* SocialTLTests */ = {
			isa = PBXNativeTarget;
			buildConfigurationList = A25E8F0422E79F8E0042ACE6 /* Build configuration list for PBXNativeTarget "SocialTLTests" */;
			buildPhases = (
				A25E8EF422E79F8E0042ACE6 /* Sources */,
				A25E8EF522E79F8E0042ACE6 /* Frameworks */,
				A25E8EF622E79F8E0042ACE6 /* Resources */,
			);
			buildRules = (
			);
			dependencies = (
				A25E8EFA22E79F8E0042ACE6 /* PBXTargetDependency */,
			);
			name = SocialTLTests;
			productName = SocialTLTests;
			productReference = A25E8EF822E79F8E0042ACE6 /* SocialTLTests.xctest */;
			productType = "com.apple.product-type.bundle.unit-test";
		};
/* End PBXNativeTarget section */

/* Begin PBXProject section */
		A25E8EDC22E79F8C0042ACE6 /* Project object */ = {
			isa = PBXProject;
			attributes = {
				LastSwiftUpdateCheck = 1030;
				LastUpgradeCheck = 1030;
				ORGANIZATIONNAME = "Alejandro Perez";
				TargetAttributes = {
					A25E8EE322E79F8C0042ACE6 = {
						CreatedOnToolsVersion = 10.3;
					};
					A25E8EF722E79F8E0042ACE6 = {
						CreatedOnToolsVersion = 10.3;
						TestTargetID = A25E8EE322E79F8C0042ACE6;
					};
				};
			};
			buildConfigurationList = A25E8EDF22E79F8C0042ACE6 /* Build configuration list for PBXProject "SocialTL" */;
			compatibilityVersion = "Xcode 9.3";
			developmentRegion = en;
			hasScannedForEncodings = 0;
			knownRegions = (
				en,
				Base,
			);
			mainGroup = A25E8EDB22E79F8C0042ACE6;
			productRefGroup = A25E8EE522E79F8C0042ACE6 /* Products */;
			projectDirPath = "";
			projectRoot = "";
			targets = (
				A25E8EE322E79F8C0042ACE6 /* SocialTL */,
				A25E8EF722E79F8E0042ACE6 /* SocialTLTests */,
			);
		};
/* End PBXProject section */

/* Begin PBXResourcesBuildPhase section */
		A25E8EE222E79F8C0042ACE6 /* Resources */ = {
			isa = PBXResourcesBuildPhase;
			buildActionMask = 2147483647;
			files = (
				A27CB2A322E8CCCA0009DF38 /* Profile.storyboard in Resources */,
				A25E8EF222E79F8E0042ACE6 /* LaunchScreen.storyboard in Resources */,
				A2F5A8A522E7A31400D1576D /* GoogleService-Info.plist in Resources */,
				A27CB2A122E8CCB90009DF38 /* Timeline.storyboard in Resources */,
				A25C86A122EBB57D004E4FDA /* PostTableViewCell.xib in Resources */,
				A27CB2A922E8DC390009DF38 /* Assets.xcassets in Resources */,
				A25E8EED22E79F8C0042ACE6 /* Main.storyboard in Resources */,
			);
			runOnlyForDeploymentPostprocessing = 0;
		};
		A25E8EF622E79F8E0042ACE6 /* Resources */ = {
			isa = PBXResourcesBuildPhase;
			buildActionMask = 2147483647;
			files = (
			);
			runOnlyForDeploymentPostprocessing = 0;
		};
/* End PBXResourcesBuildPhase section */

/* Begin PBXShellScriptBuildPhase section */
		5A1C07681B20931E0AAFC0EB /* [CP] Check Pods Manifest.lock */ = {
			isa = PBXShellScriptBuildPhase;
			buildActionMask = 2147483647;
			files = (
			);
			inputFileListPaths = (
			);
			inputPaths = (
				"${PODS_PODFILE_DIR_PATH}/Podfile.lock",
				"${PODS_ROOT}/Manifest.lock",
			);
			name = "[CP] Check Pods Manifest.lock";
			outputFileListPaths = (
			);
			outputPaths = (
				"$(DERIVED_FILE_DIR)/Pods-SocialTL-checkManifestLockResult.txt",
			);
			runOnlyForDeploymentPostprocessing = 0;
			shellPath = /bin/sh;
			shellScript = "diff \"${PODS_PODFILE_DIR_PATH}/Podfile.lock\" \"${PODS_ROOT}/Manifest.lock\" > /dev/null\nif [ $? != 0 ] ; then\n    # print error to STDERR\n    echo \"error: The sandbox is not in sync with the Podfile.lock. Run 'pod install' or update your CocoaPods installation.\" >&2\n    exit 1\nfi\n# This output is used by Xcode 'outputs' to avoid re-running this script phase.\necho \"SUCCESS\" > \"${SCRIPT_OUTPUT_FILE_0}\"\n";
			showEnvVarsInLog = 0;
		};
		E76BE0B32F8BE75583D9770C /* [CP] Embed Pods Frameworks */ = {
			isa = PBXShellScriptBuildPhase;
			buildActionMask = 2147483647;
			files = (
			);
			inputFileListPaths = (
				"${PODS_ROOT}/Target Support Files/Pods-SocialTL/Pods-SocialTL-frameworks-${CONFIGURATION}-input-files.xcfilelist",
			);
			name = "[CP] Embed Pods Frameworks";
			outputFileListPaths = (
				"${PODS_ROOT}/Target Support Files/Pods-SocialTL/Pods-SocialTL-frameworks-${CONFIGURATION}-output-files.xcfilelist",
			);
			runOnlyForDeploymentPostprocessing = 0;
			shellPath = /bin/sh;
			shellScript = "\"${PODS_ROOT}/Target Support Files/Pods-SocialTL/Pods-SocialTL-frameworks.sh\"\n";
			showEnvVarsInLog = 0;
		};
/* End PBXShellScriptBuildPhase section */

/* Begin PBXSourcesBuildPhase section */
		A25E8EE022E79F8C0042ACE6 /* Sources */ = {
			isa = PBXSourcesBuildPhase;
			buildActionMask = 2147483647;
			files = (
				A27CB29022E89DE60009DF38 /* FormViewController.swift in Sources */,
				A2F5A8B222E7AB5000D1576D /* LoginViewController.swift in Sources */,
				A27CB29422E8A5BB0009DF38 /* SignupViewController.swift in Sources */,
				A2F5A8CA22E7BD6800D1576D /* HomeTabBarPresenter.swift in Sources */,
				A2F5A8C622E7BC1400D1576D /* HomeProtocols.swift in Sources */,
				A27CB29222E8A5A20009DF38 /* SignupPresenter.swift in Sources */,
				A2F5A8BB22E7B01000D1576D /* TimelineViewController.swift in Sources */,
				A27CB2A522E8CD6B0009DF38 /* TimelinePresenter.swift in Sources */,
				A25E8EE822E79F8C0042ACE6 /* AppDelegate.swift in Sources */,
				A2F5A8B522E7AB8700D1576D /* StoryboardExtension.swift in Sources */,
				A2C6448322EA0497005601F0 /* AddPostViewController.swift in Sources */,
				A27CB29A22E8ADE60009DF38 /* AlertHeaderModel.swift in Sources */,
				A2F5A8C122E7B04300D1576D /* TimelineProtocols.swift in Sources */,
				A27CB2A722E8CDA20009DF38 /* ProfilePresenter.swift in Sources */,
				A2F5A8BF22E7B03600D1576D /* ProfileProtocols.swift in Sources */,
				A2F5A8B722E7AC6600D1576D /* LoginPresenter.swift in Sources */,
				A2F5A8B922E7AF2300D1576D /* HomeTabBarController.swift in Sources */,
				A2F5A8BD22E7B02000D1576D /* ProfileViewController.swift in Sources */,
				A2C6448122E9F3E2005601F0 /* HomeCoordinator.swift in Sources */,
				A25C86A022EBB57D004E4FDA /* PostTableViewCell.swift in Sources */,
				A27CB29D22E8B2400009DF38 /* API.swift in Sources */,
				A27CB28F22E89DE60009DF38 /* FormTags.swift in Sources */,
				A2F5A8AA22E7A3AD00D1576D /* MainCoordinator.swift in Sources */,
				A2C6447F22E9F295005601F0 /* LoginCoordinator.swift in Sources */,
				A2C6448722EA081E005601F0 /* DatabaseManager.swift in Sources */,
				A2F5A8A722E7A34400D1576D /* Coordinator.swift in Sources */,
				A2C6448522EA04E9005601F0 /* AddPostPresenter.swift in Sources */,
				A2F5A8B022E7AA0600D1576D /* LoginProtocols.swift in Sources */,
				A27CB29F22E8B6AE0009DF38 /* User.swift in Sources */,
				A2C6447D22E9E7E4005601F0 /* LoadingPresenter.swift in Sources */,
				A2C6447B22E9E792005601F0 /* LoadingViewController.swift in Sources */,
				A2F5A8AE22E7A3D200D1576D /* ProfileCoordinator.swift in Sources */,
				A27CB29922E8ADE60009DF38 /* Alerts.swift in Sources */,
				A2F5A8AC22E7A3C300D1576D /* TimelineCoordinator.swift in Sources */,
			);
			runOnlyForDeploymentPostprocessing = 0;
		};
		A25E8EF422E79F8E0042ACE6 /* Sources */ = {
			isa = PBXSourcesBuildPhase;
			buildActionMask = 2147483647;
			files = (
				A25E8EFD22E79F8E0042ACE6 /* SocialTLTests.swift in Sources */,
			);
			runOnlyForDeploymentPostprocessing = 0;
		};
/* End PBXSourcesBuildPhase section */

/* Begin PBXTargetDependency section */
		A25E8EFA22E79F8E0042ACE6 /* PBXTargetDependency */ = {
			isa = PBXTargetDependency;
			target = A25E8EE322E79F8C0042ACE6 /* SocialTL */;
			targetProxy = A25E8EF922E79F8E0042ACE6 /* PBXContainerItemProxy */;
		};
/* End PBXTargetDependency section */

/* Begin PBXVariantGroup section */
		A25E8EEB22E79F8C0042ACE6 /* Main.storyboard */ = {
			isa = PBXVariantGroup;
			children = (
				A25E8EEC22E79F8C0042ACE6 /* Base */,
			);
			name = Main.storyboard;
			sourceTree = "<group>";
		};
		A25E8EF022E79F8E0042ACE6 /* LaunchScreen.storyboard */ = {
			isa = PBXVariantGroup;
			children = (
				A25E8EF122E79F8E0042ACE6 /* Base */,
			);
			name = LaunchScreen.storyboard;
			sourceTree = "<group>";
		};
/* End PBXVariantGroup section */

/* Begin XCBuildConfiguration section */
		A25E8EFF22E79F8E0042ACE6 /* Debug */ = {
			isa = XCBuildConfiguration;
			buildSettings = {
				ALWAYS_SEARCH_USER_PATHS = NO;
				CLANG_ANALYZER_NONNULL = YES;
				CLANG_ANALYZER_NUMBER_OBJECT_CONVERSION = YES_AGGRESSIVE;
				CLANG_CXX_LANGUAGE_STANDARD = "gnu++14";
				CLANG_CXX_LIBRARY = "libc++";
				CLANG_ENABLE_MODULES = YES;
				CLANG_ENABLE_OBJC_ARC = YES;
				CLANG_ENABLE_OBJC_WEAK = YES;
				CLANG_WARN_BLOCK_CAPTURE_AUTORELEASING = YES;
				CLANG_WARN_BOOL_CONVERSION = YES;
				CLANG_WARN_COMMA = YES;
				CLANG_WARN_CONSTANT_CONVERSION = YES;
				CLANG_WARN_DEPRECATED_OBJC_IMPLEMENTATIONS = YES;
				CLANG_WARN_DIRECT_OBJC_ISA_USAGE = YES_ERROR;
				CLANG_WARN_DOCUMENTATION_COMMENTS = YES;
				CLANG_WARN_EMPTY_BODY = YES;
				CLANG_WARN_ENUM_CONVERSION = YES;
				CLANG_WARN_INFINITE_RECURSION = YES;
				CLANG_WARN_INT_CONVERSION = YES;
				CLANG_WARN_NON_LITERAL_NULL_CONVERSION = YES;
				CLANG_WARN_OBJC_IMPLICIT_RETAIN_SELF = YES;
				CLANG_WARN_OBJC_LITERAL_CONVERSION = YES;
				CLANG_WARN_OBJC_ROOT_CLASS = YES_ERROR;
				CLANG_WARN_RANGE_LOOP_ANALYSIS = YES;
				CLANG_WARN_STRICT_PROTOTYPES = YES;
				CLANG_WARN_SUSPICIOUS_MOVE = YES;
				CLANG_WARN_UNGUARDED_AVAILABILITY = YES_AGGRESSIVE;
				CLANG_WARN_UNREACHABLE_CODE = YES;
				CLANG_WARN__DUPLICATE_METHOD_MATCH = YES;
				CODE_SIGN_IDENTITY = "iPhone Developer";
				COPY_PHASE_STRIP = NO;
				DEBUG_INFORMATION_FORMAT = dwarf;
				ENABLE_STRICT_OBJC_MSGSEND = YES;
				ENABLE_TESTABILITY = YES;
				GCC_C_LANGUAGE_STANDARD = gnu11;
				GCC_DYNAMIC_NO_PIC = NO;
				GCC_NO_COMMON_BLOCKS = YES;
				GCC_OPTIMIZATION_LEVEL = 0;
				GCC_PREPROCESSOR_DEFINITIONS = (
					"DEBUG=1",
					"$(inherited)",
				);
				GCC_WARN_64_TO_32_BIT_CONVERSION = YES;
				GCC_WARN_ABOUT_RETURN_TYPE = YES_ERROR;
				GCC_WARN_UNDECLARED_SELECTOR = YES;
				GCC_WARN_UNINITIALIZED_AUTOS = YES_AGGRESSIVE;
				GCC_WARN_UNUSED_FUNCTION = YES;
				GCC_WARN_UNUSED_VARIABLE = YES;
				IPHONEOS_DEPLOYMENT_TARGET = 12.4;
				MTL_ENABLE_DEBUG_INFO = INCLUDE_SOURCE;
				MTL_FAST_MATH = YES;
				ONLY_ACTIVE_ARCH = YES;
				SDKROOT = iphoneos;
				SWIFT_ACTIVE_COMPILATION_CONDITIONS = DEBUG;
				SWIFT_OPTIMIZATION_LEVEL = "-Onone";
			};
			name = Debug;
		};
		A25E8F0022E79F8E0042ACE6 /* Release */ = {
			isa = XCBuildConfiguration;
			buildSettings = {
				ALWAYS_SEARCH_USER_PATHS = NO;
				CLANG_ANALYZER_NONNULL = YES;
				CLANG_ANALYZER_NUMBER_OBJECT_CONVERSION = YES_AGGRESSIVE;
				CLANG_CXX_LANGUAGE_STANDARD = "gnu++14";
				CLANG_CXX_LIBRARY = "libc++";
				CLANG_ENABLE_MODULES = YES;
				CLANG_ENABLE_OBJC_ARC = YES;
				CLANG_ENABLE_OBJC_WEAK = YES;
				CLANG_WARN_BLOCK_CAPTURE_AUTORELEASING = YES;
				CLANG_WARN_BOOL_CONVERSION = YES;
				CLANG_WARN_COMMA = YES;
				CLANG_WARN_CONSTANT_CONVERSION = YES;
				CLANG_WARN_DEPRECATED_OBJC_IMPLEMENTATIONS = YES;
				CLANG_WARN_DIRECT_OBJC_ISA_USAGE = YES_ERROR;
				CLANG_WARN_DOCUMENTATION_COMMENTS = YES;
				CLANG_WARN_EMPTY_BODY = YES;
				CLANG_WARN_ENUM_CONVERSION = YES;
				CLANG_WARN_INFINITE_RECURSION = YES;
				CLANG_WARN_INT_CONVERSION = YES;
				CLANG_WARN_NON_LITERAL_NULL_CONVERSION = YES;
				CLANG_WARN_OBJC_IMPLICIT_RETAIN_SELF = YES;
				CLANG_WARN_OBJC_LITERAL_CONVERSION = YES;
				CLANG_WARN_OBJC_ROOT_CLASS = YES_ERROR;
				CLANG_WARN_RANGE_LOOP_ANALYSIS = YES;
				CLANG_WARN_STRICT_PROTOTYPES = YES;
				CLANG_WARN_SUSPICIOUS_MOVE = YES;
				CLANG_WARN_UNGUARDED_AVAILABILITY = YES_AGGRESSIVE;
				CLANG_WARN_UNREACHABLE_CODE = YES;
				CLANG_WARN__DUPLICATE_METHOD_MATCH = YES;
				CODE_SIGN_IDENTITY = "iPhone Developer";
				COPY_PHASE_STRIP = NO;
				DEBUG_INFORMATION_FORMAT = "dwarf-with-dsym";
				ENABLE_NS_ASSERTIONS = NO;
				ENABLE_STRICT_OBJC_MSGSEND = YES;
				GCC_C_LANGUAGE_STANDARD = gnu11;
				GCC_NO_COMMON_BLOCKS = YES;
				GCC_WARN_64_TO_32_BIT_CONVERSION = YES;
				GCC_WARN_ABOUT_RETURN_TYPE = YES_ERROR;
				GCC_WARN_UNDECLARED_SELECTOR = YES;
				GCC_WARN_UNINITIALIZED_AUTOS = YES_AGGRESSIVE;
				GCC_WARN_UNUSED_FUNCTION = YES;
				GCC_WARN_UNUSED_VARIABLE = YES;
				IPHONEOS_DEPLOYMENT_TARGET = 12.4;
				MTL_ENABLE_DEBUG_INFO = NO;
				MTL_FAST_MATH = YES;
				SDKROOT = iphoneos;
				SWIFT_COMPILATION_MODE = wholemodule;
				SWIFT_OPTIMIZATION_LEVEL = "-O";
				VALIDATE_PRODUCT = YES;
			};
			name = Release;
		};
		A25E8F0222E79F8E0042ACE6 /* Debug */ = {
			isa = XCBuildConfiguration;
			baseConfigurationReference = 6CEA9FA2EF8A0E17865DCED1 /* Pods-SocialTL.debug.xcconfig */;
			buildSettings = {
				ASSETCATALOG_COMPILER_APPICON_NAME = AppIcon;
				CODE_SIGN_STYLE = Automatic;
				INFOPLIST_FILE = SocialTL/Info.plist;
				LD_RUNPATH_SEARCH_PATHS = (
					"$(inherited)",
					"@executable_path/Frameworks",
				);
				PRODUCT_BUNDLE_IDENTIFIER = "com.DaNiELChIoRo.Social-Timeline";
				PRODUCT_NAME = "$(TARGET_NAME)";
				SWIFT_VERSION = 5.0;
				TARGETED_DEVICE_FAMILY = "1,2";
			};
			name = Debug;
		};
		A25E8F0322E79F8E0042ACE6 /* Release */ = {
			isa = XCBuildConfiguration;
			baseConfigurationReference = 071B2F8BD9B8F34F210A2980 /* Pods-SocialTL.release.xcconfig */;
			buildSettings = {
				ASSETCATALOG_COMPILER_APPICON_NAME = AppIcon;
				CODE_SIGN_STYLE = Automatic;
				INFOPLIST_FILE = SocialTL/Info.plist;
				LD_RUNPATH_SEARCH_PATHS = (
					"$(inherited)",
					"@executable_path/Frameworks",
				);
				PRODUCT_BUNDLE_IDENTIFIER = "com.DaNiELChIoRo.Social-Timeline";
				PRODUCT_NAME = "$(TARGET_NAME)";
				SWIFT_VERSION = 5.0;
				TARGETED_DEVICE_FAMILY = "1,2";
			};
			name = Release;
		};
		A25E8F0522E79F8E0042ACE6 /* Debug */ = {
			isa = XCBuildConfiguration;
			buildSettings = {
				ALWAYS_EMBED_SWIFT_STANDARD_LIBRARIES = YES;
				BUNDLE_LOADER = "$(TEST_HOST)";
				CODE_SIGN_STYLE = Automatic;
				INFOPLIST_FILE = SocialTLTests/Info.plist;
				LD_RUNPATH_SEARCH_PATHS = (
					"$(inherited)",
					"@executable_path/Frameworks",
					"@loader_path/Frameworks",
				);
				PRODUCT_BUNDLE_IDENTIFIER = chila.SocialTLTests;
				PRODUCT_NAME = "$(TARGET_NAME)";
				SWIFT_VERSION = 5.0;
				TARGETED_DEVICE_FAMILY = "1,2";
				TEST_HOST = "$(BUILT_PRODUCTS_DIR)/SocialTL.app/SocialTL";
			};
			name = Debug;
		};
		A25E8F0622E79F8E0042ACE6 /* Release */ = {
			isa = XCBuildConfiguration;
			buildSettings = {
				ALWAYS_EMBED_SWIFT_STANDARD_LIBRARIES = YES;
				BUNDLE_LOADER = "$(TEST_HOST)";
				CODE_SIGN_STYLE = Automatic;
				INFOPLIST_FILE = SocialTLTests/Info.plist;
				LD_RUNPATH_SEARCH_PATHS = (
					"$(inherited)",
					"@executable_path/Frameworks",
					"@loader_path/Frameworks",
				);
				PRODUCT_BUNDLE_IDENTIFIER = chila.SocialTLTests;
				PRODUCT_NAME = "$(TARGET_NAME)";
				SWIFT_VERSION = 5.0;
				TARGETED_DEVICE_FAMILY = "1,2";
				TEST_HOST = "$(BUILT_PRODUCTS_DIR)/SocialTL.app/SocialTL";
			};
			name = Release;
		};
/* End XCBuildConfiguration section */

/* Begin XCConfigurationList section */
		A25E8EDF22E79F8C0042ACE6 /* Build configuration list for PBXProject "SocialTL" */ = {
			isa = XCConfigurationList;
			buildConfigurations = (
				A25E8EFF22E79F8E0042ACE6 /* Debug */,
				A25E8F0022E79F8E0042ACE6 /* Release */,
			);
			defaultConfigurationIsVisible = 0;
			defaultConfigurationName = Release;
		};
		A25E8F0122E79F8E0042ACE6 /* Build configuration list for PBXNativeTarget "SocialTL" */ = {
			isa = XCConfigurationList;
			buildConfigurations = (
				A25E8F0222E79F8E0042ACE6 /* Debug */,
				A25E8F0322E79F8E0042ACE6 /* Release */,
			);
			defaultConfigurationIsVisible = 0;
			defaultConfigurationName = Release;
		};
		A25E8F0422E79F8E0042ACE6 /* Build configuration list for PBXNativeTarget "SocialTLTests" */ = {
			isa = XCConfigurationList;
			buildConfigurations = (
				A25E8F0522E79F8E0042ACE6 /* Debug */,
				A25E8F0622E79F8E0042ACE6 /* Release */,
			);
			defaultConfigurationIsVisible = 0;
			defaultConfigurationName = Release;
		};
/* End XCConfigurationList section */
	};
	rootObject = A25E8EDC22E79F8C0042ACE6 /* Project object */;
}
